
Microsoft Visual Studio Solution File, Format Version 12.00
# Visual Studio Version 17
VisualStudioVersion = 17.7.34009.444
MinimumVisualStudioVersion = 10.0.40219.1
Project("{9A19103F-16F7-4668-BE54-9A1E7A4F7556}") = "Exercicio01", "Exercicio01\Exercicio01.csproj", "{42777529-05D2-4CC9-AC8A-6B8EB6811A5D}"
EndProject
Project("{9A19103F-16F7-4668-BE54-9A1E7A4F7556}") = "Exercicio02", "Exercicio02\Exercicio02.csproj", "{E4E335D2-C420-4F7E-A258-173FA9F9EEE2}"
EndProject
Project("{9A19103F-16F7-4668-BE54-9A1E7A4F7556}") = "Exercicio03", "Exercicio03\Exercicio03.csproj", "{E82C8F90-9C0F-4FBA-96A1-54E7C4B5563C}"
EndProject
Project("{9A19103F-16F7-4668-BE54-9A1E7A4F7556}") = "Exercicio04", "Exercicio04\Exercicio04.csproj", "{7AF04D5C-EF4B-4C79-ACC5-A5B1833A6DAC}"
EndProject
Project("{9A19103F-16F7-4668-BE54-9A1E7A4F7556}") = "Exercicio05", "Exercicio05\Exercicio05.csproj", "{DA4CBF98-8DA1-4D05-909E-0568900CFB68}"
EndProject
Project("{9A19103F-16F7-4668-BE54-9A1E7A4F7556}") = "Exercicio06", "Exercicio06\Exercicio06.csproj", "{0C35B85A-1009-445C-AB33-ADE0218E4788}"
EndProject
Project("{9A19103F-16F7-4668-BE54-9A1E7A4F7556}") = "Exercicio07", "Exercicio07\Exercicio07.csproj", "{5D8A374D-25E4-41C1-B2E1-67D8FE7F2B69}"
EndProject
Project("{9A19103F-16F7-4668-BE54-9A1E7A4F7556}") = "Exercicio08", "Exercicio08\Exercicio08.csproj", "{8423F387-1145-4754-8D18-EDD2D79BB40A}"
EndProject
Project("{9A19103F-16F7-4668-BE54-9A1E7A4F7556}") = "Exercicio09", "Exercicio09\Exercicio09.csproj", "{B4464F13-516D-4533-B9C0-0F2B8E34F1FE}"
EndProject
Project("{9A19103F-16F7-4668-BE54-9A1E7A4F7556}") = "exercicio10", "exercicio10\exercicio10.csproj", "{5CA3DAF7-0A34-4B3C-9EA8-EB269BE6BA42}"
EndProject
Project("{9A19103F-16F7-4668-BE54-9A1E7A4F7556}") = "Exercicio11", "Exercicio11\Exercicio11.csproj", "{5F8596E0-1407-4FB7-8DE3-34707ADE9EF6}"
EndProject
Project("{9A19103F-16F7-4668-BE54-9A1E7A4F7556}") = "Exercicio12", "Exercicio12\Exercicio12.csproj", "{C49E157B-AF4B-400A-9295-3611BEF99A05}"
EndProject
Project("{9A19103F-16F7-4668-BE54-9A1E7A4F7556}") = "Exercicio13", "Exercicio13\Exercicio13.csproj", "{85F6A755-324C-4A08-868E-C01FCC897C6D}"
EndProject
Project("{9A19103F-16F7-4668-BE54-9A1E7A4F7556}") = "Exercicio14", "Exercicio14\Exercicio14.csproj", "{A7B71B22-DFE2-4F3B-9054-45736564FF06}"
EndProject
Project("{9A19103F-16F7-4668-BE54-9A1E7A4F7556}") = "Exercicio15", "Exercicio15\Exercicio15.csproj", "{19DDDF73-69A6-48AA-AAEF-17565D1A136C}"
EndProject
Project("{9A19103F-16F7-4668-BE54-9A1E7A4F7556}") = "Exercicio16", "Exercicio16\Exercicio16.csproj", "{1D12002B-E8BC-4398-9CC9-8C062092B6F1}"
EndProject
Project("{9A19103F-16F7-4668-BE54-9A1E7A4F7556}") = "Exercicio17", "Exercicio17\Exercicio17.csproj", "{BBC1C0CA-9801-4730-A903-FEA44DFA6B80}"
EndProject
Project("{9A19103F-16F7-4668-BE54-9A1E7A4F7556}") = "Exercicio18", "Exercicio18\Exercicio18.csproj", "{9CAFFC1A-0F82-40FB-8C39-91BA3BBA12F0}"
EndProject
Project("{9A19103F-16F7-4668-BE54-9A1E7A4F7556}") = "Exercicio19", "Exercicio19\Exercicio19.csproj", "{7B50F061-CC65-470A-A027-F48AF4203BB7}"
EndProject
Project("{9A19103F-16F7-4668-BE54-9A1E7A4F7556}") = "Exercicio20", "Exercicio20\Exercicio20.csproj", "{C3558091-ECA7-4C97-BC9E-861ABE524FFA}"
EndProject
Project("{9A19103F-16F7-4668-BE54-9A1E7A4F7556}") = "Exercicio21", "Exercicio21\Exercicio21.csproj", "{ED72CBD7-3E79-478F-B1E1-7C1D27C07CED}"
EndProject
Project("{9A19103F-16F7-4668-BE54-9A1E7A4F7556}") = "Exercicio22", "Exercicio22\Exercicio22.csproj", "{9918020E-5877-426C-8CBF-5BD9FDFAD9E8}"
EndProject
Project("{9A19103F-16F7-4668-BE54-9A1E7A4F7556}") = "Exercicio23", "Exercicio23\Exercicio23.csproj", "{8D5A33FC-6DF0-4CEB-BD88-A4D43C6425B8}"
EndProject
Project("{9A19103F-16F7-4668-BE54-9A1E7A4F7556}") = "Exercicio24", "Exercicio24\Exercicio24.csproj", "{C61E20F2-9CB7-41B7-8AC7-3636AB2E1943}"
EndProject
Project("{9A19103F-16F7-4668-BE54-9A1E7A4F7556}") = "Exercicio25", "Exercicio25\Exercicio25.csproj", "{D2161F81-3104-4FFC-B3EC-263273949CA3}"
EndProject
Project("{9A19103F-16F7-4668-BE54-9A1E7A4F7556}") = "Exercicio26", "Exercicio26\Exercicio26.csproj", "{BDB8E3E5-6DE3-4915-B9E9-8E8FA12423F8}"
EndProject
Project("{9A19103F-16F7-4668-BE54-9A1E7A4F7556}") = "Exercicio27", "Exercicio27\Exercicio27.csproj", "{EF89EFAB-D107-43DF-8F3D-55648B8128A8}"
EndProject
Project("{9A19103F-16F7-4668-BE54-9A1E7A4F7556}") = "Exercicio28", "Exercicio28\Exercicio28.csproj", "{8519CE03-1F0C-4658-908C-76B1FDBBD4EA}"
EndProject
Project("{9A19103F-16F7-4668-BE54-9A1E7A4F7556}") = "Exercicio29", "Exercicio29\Exercicio29.csproj", "{A3AEAF27-1F17-4D82-9986-20ADD42C9CBE}"
EndProject
Project("{9A19103F-16F7-4668-BE54-9A1E7A4F7556}") = "Exercicio30", "Exercicio30\Exercicio30.csproj", "{C9751FAC-9427-45B3-9324-9D7C1D1B0879}"
EndProject
Project("{FAE04EC0-301F-11D3-BF4B-00C04F79EFBC}") = "Exercicio31", "Exercicio31\Exercicio31.csproj", "{C1CE07ED-3101-4F79-90BC-8FAA22F2AA2D}"
EndProject
Project("{FAE04EC0-301F-11D3-BF4B-00C04F79EFBC}") = "Exercicio32", "Exercicio32\Exercicio32.csproj", "{404FC4E7-FD72-4F37-8836-CC68EFEFAB52}"
EndProject
Project("{FAE04EC0-301F-11D3-BF4B-00C04F79EFBC}") = "Exercicio33", "Exercicio33\Exercicio33.csproj", "{BC395B0A-B69A-4D62-863C-CD5508CB9743}"
EndProject
Project("{FAE04EC0-301F-11D3-BF4B-00C04F79EFBC}") = "Exercicio34", "Exercicio34\Exercicio34.csproj", "{4B2CACD4-BCB6-4F9E-AD7E-AC9DDE48328E}"
EndProject
Global
	GlobalSection(SolutionConfigurationPlatforms) = preSolution
		Debug|Any CPU = Debug|Any CPU
		Release|Any CPU = Release|Any CPU
	EndGlobalSection
	GlobalSection(ProjectConfigurationPlatforms) = postSolution
		{42777529-05D2-4CC9-AC8A-6B8EB6811A5D}.Debug|Any CPU.ActiveCfg = Debug|Any CPU
		{42777529-05D2-4CC9-AC8A-6B8EB6811A5D}.Debug|Any CPU.Build.0 = Debug|Any CPU
		{42777529-05D2-4CC9-AC8A-6B8EB6811A5D}.Release|Any CPU.ActiveCfg = Release|Any CPU
		{42777529-05D2-4CC9-AC8A-6B8EB6811A5D}.Release|Any CPU.Build.0 = Release|Any CPU
		{E4E335D2-C420-4F7E-A258-173FA9F9EEE2}.Debug|Any CPU.ActiveCfg = Debug|Any CPU
		{E4E335D2-C420-4F7E-A258-173FA9F9EEE2}.Debug|Any CPU.Build.0 = Debug|Any CPU
		{E4E335D2-C420-4F7E-A258-173FA9F9EEE2}.Release|Any CPU.ActiveCfg = Release|Any CPU
		{E4E335D2-C420-4F7E-A258-173FA9F9EEE2}.Release|Any CPU.Build.0 = Release|Any CPU
		{E82C8F90-9C0F-4FBA-96A1-54E7C4B5563C}.Debug|Any CPU.ActiveCfg = Debug|Any CPU
		{E82C8F90-9C0F-4FBA-96A1-54E7C4B5563C}.Debug|Any CPU.Build.0 = Debug|Any CPU
		{E82C8F90-9C0F-4FBA-96A1-54E7C4B5563C}.Release|Any CPU.ActiveCfg = Release|Any CPU
		{E82C8F90-9C0F-4FBA-96A1-54E7C4B5563C}.Release|Any CPU.Build.0 = Release|Any CPU
		{7AF04D5C-EF4B-4C79-ACC5-A5B1833A6DAC}.Debug|Any CPU.ActiveCfg = Debug|Any CPU
		{7AF04D5C-EF4B-4C79-ACC5-A5B1833A6DAC}.Debug|Any CPU.Build.0 = Debug|Any CPU
		{7AF04D5C-EF4B-4C79-ACC5-A5B1833A6DAC}.Release|Any CPU.ActiveCfg = Release|Any CPU
		{7AF04D5C-EF4B-4C79-ACC5-A5B1833A6DAC}.Release|Any CPU.Build.0 = Release|Any CPU
		{DA4CBF98-8DA1-4D05-909E-0568900CFB68}.Debug|Any CPU.ActiveCfg = Debug|Any CPU
		{DA4CBF98-8DA1-4D05-909E-0568900CFB68}.Debug|Any CPU.Build.0 = Debug|Any CPU
		{DA4CBF98-8DA1-4D05-909E-0568900CFB68}.Release|Any CPU.ActiveCfg = Release|Any CPU
		{DA4CBF98-8DA1-4D05-909E-0568900CFB68}.Release|Any CPU.Build.0 = Release|Any CPU
		{0C35B85A-1009-445C-AB33-ADE0218E4788}.Debug|Any CPU.ActiveCfg = Debug|Any CPU
		{0C35B85A-1009-445C-AB33-ADE0218E4788}.Debug|Any CPU.Build.0 = Debug|Any CPU
		{0C35B85A-1009-445C-AB33-ADE0218E4788}.Release|Any CPU.ActiveCfg = Release|Any CPU
		{0C35B85A-1009-445C-AB33-ADE0218E4788}.Release|Any CPU.Build.0 = Release|Any CPU
		{5D8A374D-25E4-41C1-B2E1-67D8FE7F2B69}.Debug|Any CPU.ActiveCfg = Debug|Any CPU
		{5D8A374D-25E4-41C1-B2E1-67D8FE7F2B69}.Debug|Any CPU.Build.0 = Debug|Any CPU
		{5D8A374D-25E4-41C1-B2E1-67D8FE7F2B69}.Release|Any CPU.ActiveCfg = Release|Any CPU
		{5D8A374D-25E4-41C1-B2E1-67D8FE7F2B69}.Release|Any CPU.Build.0 = Release|Any CPU
		{8423F387-1145-4754-8D18-EDD2D79BB40A}.Debug|Any CPU.ActiveCfg = Debug|Any CPU
		{8423F387-1145-4754-8D18-EDD2D79BB40A}.Debug|Any CPU.Build.0 = Debug|Any CPU
		{8423F387-1145-4754-8D18-EDD2D79BB40A}.Release|Any CPU.ActiveCfg = Release|Any CPU
		{8423F387-1145-4754-8D18-EDD2D79BB40A}.Release|Any CPU.Build.0 = Release|Any CPU
		{B4464F13-516D-4533-B9C0-0F2B8E34F1FE}.Debug|Any CPU.ActiveCfg = Debug|Any CPU
		{B4464F13-516D-4533-B9C0-0F2B8E34F1FE}.Debug|Any CPU.Build.0 = Debug|Any CPU
		{B4464F13-516D-4533-B9C0-0F2B8E34F1FE}.Release|Any CPU.ActiveCfg = Release|Any CPU
		{B4464F13-516D-4533-B9C0-0F2B8E34F1FE}.Release|Any CPU.Build.0 = Release|Any CPU
		{5CA3DAF7-0A34-4B3C-9EA8-EB269BE6BA42}.Debug|Any CPU.ActiveCfg = Debug|Any CPU
		{5CA3DAF7-0A34-4B3C-9EA8-EB269BE6BA42}.Debug|Any CPU.Build.0 = Debug|Any CPU
		{5CA3DAF7-0A34-4B3C-9EA8-EB269BE6BA42}.Release|Any CPU.ActiveCfg = Release|Any CPU
		{5CA3DAF7-0A34-4B3C-9EA8-EB269BE6BA42}.Release|Any CPU.Build.0 = Release|Any CPU
		{5F8596E0-1407-4FB7-8DE3-34707ADE9EF6}.Debug|Any CPU.ActiveCfg = Debug|Any CPU
		{5F8596E0-1407-4FB7-8DE3-34707ADE9EF6}.Debug|Any CPU.Build.0 = Debug|Any CPU
		{5F8596E0-1407-4FB7-8DE3-34707ADE9EF6}.Release|Any CPU.ActiveCfg = Release|Any CPU
		{5F8596E0-1407-4FB7-8DE3-34707ADE9EF6}.Release|Any CPU.Build.0 = Release|Any CPU
		{C49E157B-AF4B-400A-9295-3611BEF99A05}.Debug|Any CPU.ActiveCfg = Debug|Any CPU
		{C49E157B-AF4B-400A-9295-3611BEF99A05}.Debug|Any CPU.Build.0 = Debug|Any CPU
		{C49E157B-AF4B-400A-9295-3611BEF99A05}.Release|Any CPU.ActiveCfg = Release|Any CPU
		{C49E157B-AF4B-400A-9295-3611BEF99A05}.Release|Any CPU.Build.0 = Release|Any CPU
		{85F6A755-324C-4A08-868E-C01FCC897C6D}.Debug|Any CPU.ActiveCfg = Debug|Any CPU
		{85F6A755-324C-4A08-868E-C01FCC897C6D}.Debug|Any CPU.Build.0 = Debug|Any CPU
		{85F6A755-324C-4A08-868E-C01FCC897C6D}.Release|Any CPU.ActiveCfg = Release|Any CPU
		{85F6A755-324C-4A08-868E-C01FCC897C6D}.Release|Any CPU.Build.0 = Release|Any CPU
		{A7B71B22-DFE2-4F3B-9054-45736564FF06}.Debug|Any CPU.ActiveCfg = Debug|Any CPU
		{A7B71B22-DFE2-4F3B-9054-45736564FF06}.Debug|Any CPU.Build.0 = Debug|Any CPU
		{A7B71B22-DFE2-4F3B-9054-45736564FF06}.Release|Any CPU.ActiveCfg = Release|Any CPU
		{A7B71B22-DFE2-4F3B-9054-45736564FF06}.Release|Any CPU.Build.0 = Release|Any CPU
		{19DDDF73-69A6-48AA-AAEF-17565D1A136C}.Debug|Any CPU.ActiveCfg = Debug|Any CPU
		{19DDDF73-69A6-48AA-AAEF-17565D1A136C}.Debug|Any CPU.Build.0 = Debug|Any CPU
		{19DDDF73-69A6-48AA-AAEF-17565D1A136C}.Release|Any CPU.ActiveCfg = Release|Any CPU
		{19DDDF73-69A6-48AA-AAEF-17565D1A136C}.Release|Any CPU.Build.0 = Release|Any CPU
		{1D12002B-E8BC-4398-9CC9-8C062092B6F1}.Debug|Any CPU.ActiveCfg = Debug|Any CPU
		{1D12002B-E8BC-4398-9CC9-8C062092B6F1}.Debug|Any CPU.Build.0 = Debug|Any CPU
		{1D12002B-E8BC-4398-9CC9-8C062092B6F1}.Release|Any CPU.ActiveCfg = Release|Any CPU
		{1D12002B-E8BC-4398-9CC9-8C062092B6F1}.Release|Any CPU.Build.0 = Release|Any CPU
		{BBC1C0CA-9801-4730-A903-FEA44DFA6B80}.Debug|Any CPU.ActiveCfg = Debug|Any CPU
		{BBC1C0CA-9801-4730-A903-FEA44DFA6B80}.Debug|Any CPU.Build.0 = Debug|Any CPU
		{BBC1C0CA-9801-4730-A903-FEA44DFA6B80}.Release|Any CPU.ActiveCfg = Release|Any CPU
		{BBC1C0CA-9801-4730-A903-FEA44DFA6B80}.Release|Any CPU.Build.0 = Release|Any CPU
		{9CAFFC1A-0F82-40FB-8C39-91BA3BBA12F0}.Debug|Any CPU.ActiveCfg = Debug|Any CPU
		{9CAFFC1A-0F82-40FB-8C39-91BA3BBA12F0}.Debug|Any CPU.Build.0 = Debug|Any CPU
		{9CAFFC1A-0F82-40FB-8C39-91BA3BBA12F0}.Release|Any CPU.ActiveCfg = Release|Any CPU
		{9CAFFC1A-0F82-40FB-8C39-91BA3BBA12F0}.Release|Any CPU.Build.0 = Release|Any CPU
		{7B50F061-CC65-470A-A027-F48AF4203BB7}.Debug|Any CPU.ActiveCfg = Debug|Any CPU
		{7B50F061-CC65-470A-A027-F48AF4203BB7}.Debug|Any CPU.Build.0 = Debug|Any CPU
		{7B50F061-CC65-470A-A027-F48AF4203BB7}.Release|Any CPU.ActiveCfg = Release|Any CPU
		{7B50F061-CC65-470A-A027-F48AF4203BB7}.Release|Any CPU.Build.0 = Release|Any CPU
		{C3558091-ECA7-4C97-BC9E-861ABE524FFA}.Debug|Any CPU.ActiveCfg = Debug|Any CPU
		{C3558091-ECA7-4C97-BC9E-861ABE524FFA}.Debug|Any CPU.Build.0 = Debug|Any CPU
		{C3558091-ECA7-4C97-BC9E-861ABE524FFA}.Release|Any CPU.ActiveCfg = Release|Any CPU
		{C3558091-ECA7-4C97-BC9E-861ABE524FFA}.Release|Any CPU.Build.0 = Release|Any CPU
		{ED72CBD7-3E79-478F-B1E1-7C1D27C07CED}.Debug|Any CPU.ActiveCfg = Debug|Any CPU
		{ED72CBD7-3E79-478F-B1E1-7C1D27C07CED}.Debug|Any CPU.Build.0 = Debug|Any CPU
		{ED72CBD7-3E79-478F-B1E1-7C1D27C07CED}.Release|Any CPU.ActiveCfg = Release|Any CPU
		{ED72CBD7-3E79-478F-B1E1-7C1D27C07CED}.Release|Any CPU.Build.0 = Release|Any CPU
		{9918020E-5877-426C-8CBF-5BD9FDFAD9E8}.Debug|Any CPU.ActiveCfg = Debug|Any CPU
		{9918020E-5877-426C-8CBF-5BD9FDFAD9E8}.Debug|Any CPU.Build.0 = Debug|Any CPU
		{9918020E-5877-426C-8CBF-5BD9FDFAD9E8}.Release|Any CPU.ActiveCfg = Release|Any CPU
		{9918020E-5877-426C-8CBF-5BD9FDFAD9E8}.Release|Any CPU.Build.0 = Release|Any CPU
		{8D5A33FC-6DF0-4CEB-BD88-A4D43C6425B8}.Debug|Any CPU.ActiveCfg = Debug|Any CPU
		{8D5A33FC-6DF0-4CEB-BD88-A4D43C6425B8}.Debug|Any CPU.Build.0 = Debug|Any CPU
		{8D5A33FC-6DF0-4CEB-BD88-A4D43C6425B8}.Release|Any CPU.ActiveCfg = Release|Any CPU
		{8D5A33FC-6DF0-4CEB-BD88-A4D43C6425B8}.Release|Any CPU.Build.0 = Release|Any CPU
		{C61E20F2-9CB7-41B7-8AC7-3636AB2E1943}.Debug|Any CPU.ActiveCfg = Debug|Any CPU
		{C61E20F2-9CB7-41B7-8AC7-3636AB2E1943}.Debug|Any CPU.Build.0 = Debug|Any CPU
		{C61E20F2-9CB7-41B7-8AC7-3636AB2E1943}.Release|Any CPU.ActiveCfg = Release|Any CPU
		{C61E20F2-9CB7-41B7-8AC7-3636AB2E1943}.Release|Any CPU.Build.0 = Release|Any CPU
		{D2161F81-3104-4FFC-B3EC-263273949CA3}.Debug|Any CPU.ActiveCfg = Debug|Any CPU
		{D2161F81-3104-4FFC-B3EC-263273949CA3}.Debug|Any CPU.Build.0 = Debug|Any CPU
		{D2161F81-3104-4FFC-B3EC-263273949CA3}.Release|Any CPU.ActiveCfg = Release|Any CPU
		{D2161F81-3104-4FFC-B3EC-263273949CA3}.Release|Any CPU.Build.0 = Release|Any CPU
		{BDB8E3E5-6DE3-4915-B9E9-8E8FA12423F8}.Debug|Any CPU.ActiveCfg = Debug|Any CPU
		{BDB8E3E5-6DE3-4915-B9E9-8E8FA12423F8}.Debug|Any CPU.Build.0 = Debug|Any CPU
		{BDB8E3E5-6DE3-4915-B9E9-8E8FA12423F8}.Release|Any CPU.ActiveCfg = Release|Any CPU
		{BDB8E3E5-6DE3-4915-B9E9-8E8FA12423F8}.Release|Any CPU.Build.0 = Release|Any CPU
		{EF89EFAB-D107-43DF-8F3D-55648B8128A8}.Debug|Any CPU.ActiveCfg = Debug|Any CPU
		{EF89EFAB-D107-43DF-8F3D-55648B8128A8}.Debug|Any CPU.Build.0 = Debug|Any CPU
		{EF89EFAB-D107-43DF-8F3D-55648B8128A8}.Release|Any CPU.ActiveCfg = Release|Any CPU
		{EF89EFAB-D107-43DF-8F3D-55648B8128A8}.Release|Any CPU.Build.0 = Release|Any CPU
		{8519CE03-1F0C-4658-908C-76B1FDBBD4EA}.Debug|Any CPU.ActiveCfg = Debug|Any CPU
		{8519CE03-1F0C-4658-908C-76B1FDBBD4EA}.Debug|Any CPU.Build.0 = Debug|Any CPU
		{8519CE03-1F0C-4658-908C-76B1FDBBD4EA}.Release|Any CPU.ActiveCfg = Release|Any CPU
		{8519CE03-1F0C-4658-908C-76B1FDBBD4EA}.Release|Any CPU.Build.0 = Release|Any CPU
		{A3AEAF27-1F17-4D82-9986-20ADD42C9CBE}.Debug|Any CPU.ActiveCfg = Debug|Any CPU
		{A3AEAF27-1F17-4D82-9986-20ADD42C9CBE}.Debug|Any CPU.Build.0 = Debug|Any CPU
		{A3AEAF27-1F17-4D82-9986-20ADD42C9CBE}.Release|Any CPU.ActiveCfg = Release|Any CPU
		{A3AEAF27-1F17-4D82-9986-20ADD42C9CBE}.Release|Any CPU.Build.0 = Release|Any CPU
		{C9751FAC-9427-45B3-9324-9D7C1D1B0879}.Debug|Any CPU.ActiveCfg = Debug|Any CPU
		{C9751FAC-9427-45B3-9324-9D7C1D1B0879}.Debug|Any CPU.Build.0 = Debug|Any CPU
		{C9751FAC-9427-45B3-9324-9D7C1D1B0879}.Release|Any CPU.ActiveCfg = Release|Any CPU
		{C9751FAC-9427-45B3-9324-9D7C1D1B0879}.Release|Any CPU.Build.0 = Release|Any CPU
		{C1CE07ED-3101-4F79-90BC-8FAA22F2AA2D}.Debug|Any CPU.ActiveCfg = Debug|Any CPU
		{C1CE07ED-3101-4F79-90BC-8FAA22F2AA2D}.Debug|Any CPU.Build.0 = Debug|Any CPU
		{C1CE07ED-3101-4F79-90BC-8FAA22F2AA2D}.Release|Any CPU.ActiveCfg = Release|Any CPU
		{C1CE07ED-3101-4F79-90BC-8FAA22F2AA2D}.Release|Any CPU.Build.0 = Release|Any CPU
		{404FC4E7-FD72-4F37-8836-CC68EFEFAB52}.Debug|Any CPU.ActiveCfg = Debug|Any CPU
		{404FC4E7-FD72-4F37-8836-CC68EFEFAB52}.Debug|Any CPU.Build.0 = Debug|Any CPU
		{404FC4E7-FD72-4F37-8836-CC68EFEFAB52}.Release|Any CPU.ActiveCfg = Release|Any CPU
		{404FC4E7-FD72-4F37-8836-CC68EFEFAB52}.Release|Any CPU.Build.0 = Release|Any CPU
		{BC395B0A-B69A-4D62-863C-CD5508CB9743}.Debug|Any CPU.ActiveCfg = Debug|Any CPU
		{BC395B0A-B69A-4D62-863C-CD5508CB9743}.Debug|Any CPU.Build.0 = Debug|Any CPU
		{BC395B0A-B69A-4D62-863C-CD5508CB9743}.Release|Any CPU.ActiveCfg = Release|Any CPU
		{BC395B0A-B69A-4D62-863C-CD5508CB9743}.Release|Any CPU.Build.0 = Release|Any CPU
		{4B2CACD4-BCB6-4F9E-AD7E-AC9DDE48328E}.Debug|Any CPU.ActiveCfg = Debug|Any CPU
		{4B2CACD4-BCB6-4F9E-AD7E-AC9DDE48328E}.Debug|Any CPU.Build.0 = Debug|Any CPU
		{4B2CACD4-BCB6-4F9E-AD7E-AC9DDE48328E}.Release|Any CPU.ActiveCfg = Release|Any CPU
		{4B2CACD4-BCB6-4F9E-AD7E-AC9DDE48328E}.Release|Any CPU.Build.0 = Release|Any CPU
	EndGlobalSection
	GlobalSection(SolutionProperties) = preSolution
		HideSolutionNode = FALSE
	EndGlobalSection
	GlobalSection(ExtensibilityGlobals) = postSolution
		SolutionGuid = {10045F3A-D4CF-4362-B7C7-34FE2E648B5F}
	EndGlobalSection
EndGlobal
