
Microsoft Visual Studio Solution File, Format Version 12.00
# Visual Studio Version 17
VisualStudioVersion = 17.5.33424.131
MinimumVisualStudioVersion = 10.0.40219.1
Project("{9A19103F-16F7-4668-BE54-9A1E7A4F7556}") = "Exercicio01", "Exercicio01\Exercicio01.csproj", "{B7339410-AB2E-45DD-86D8-BF8810AB0B0D}"
EndProject
Project("{FAE04EC0-301F-11D3-BF4B-00C04F79EFBC}") = "Exercicio02", "Exercicio02\Exercicio02.csproj", "{6B1ED127-2F94-4106-85CE-883EB5641E37}"
EndProject
Project("{FAE04EC0-301F-11D3-BF4B-00C04F79EFBC}") = "Exercicio03", "Exercicio03\Exercicio03.csproj", "{53274FCE-8E44-42C2-A40F-A1AED90CDE0F}"
EndProject
Global
	GlobalSection(SolutionConfigurationPlatforms) = preSolution
		Debug|Any CPU = Debug|Any CPU
		Release|Any CPU = Release|Any CPU
	EndGlobalSection
	GlobalSection(ProjectConfigurationPlatforms) = postSolution
		{B7339410-AB2E-45DD-86D8-BF8810AB0B0D}.Debug|Any CPU.ActiveCfg = Debug|Any CPU
		{B7339410-AB2E-45DD-86D8-BF8810AB0B0D}.Debug|Any CPU.Build.0 = Debug|Any CPU
		{B7339410-AB2E-45DD-86D8-BF8810AB0B0D}.Release|Any CPU.ActiveCfg = Release|Any CPU
		{B7339410-AB2E-45DD-86D8-BF8810AB0B0D}.Release|Any CPU.Build.0 = Release|Any CPU
		{6B1ED127-2F94-4106-85CE-883EB5641E37}.Debug|Any CPU.ActiveCfg = Debug|Any CPU
		{6B1ED127-2F94-4106-85CE-883EB5641E37}.Debug|Any CPU.Build.0 = Debug|Any CPU
		{6B1ED127-2F94-4106-85CE-883EB5641E37}.Release|Any CPU.ActiveCfg = Release|Any CPU
		{6B1ED127-2F94-4106-85CE-883EB5641E37}.Release|Any CPU.Build.0 = Release|Any CPU
		{53274FCE-8E44-42C2-A40F-A1AED90CDE0F}.Debug|Any CPU.ActiveCfg = Debug|Any CPU
		{53274FCE-8E44-42C2-A40F-A1AED90CDE0F}.Debug|Any CPU.Build.0 = Debug|Any CPU
		{53274FCE-8E44-42C2-A40F-A1AED90CDE0F}.Release|Any CPU.ActiveCfg = Release|Any CPU
		{53274FCE-8E44-42C2-A40F-A1AED90CDE0F}.Release|Any CPU.Build.0 = Release|Any CPU
	EndGlobalSection
	GlobalSection(SolutionProperties) = preSolution
		HideSolutionNode = FALSE
	EndGlobalSection
	GlobalSection(ExtensibilityGlobals) = postSolution
		SolutionGuid = {89452542-2B80-4019-AE78-D0FCBBA47553}
	EndGlobalSection
EndGlobal
