
Microsoft Visual Studio Solution File, Format Version 12.00
# Visual Studio Version 17
VisualStudioVersion = 17.8.34525.116
MinimumVisualStudioVersion = 10.0.40219.1
Project("{9A19103F-16F7-4668-BE54-9A1E7A4F7556}") = "Exe01", "Exe01\Exe01.csproj", "{BFF282AC-0F9E-4BB1-94C5-E30E15ECD471}"
EndProject
Project("{9A19103F-16F7-4668-BE54-9A1E7A4F7556}") = "Exe02", "Exe02\Exe02.csproj", "{5D6BC77F-4FA3-41B7-9DDE-9646F84091F0}"
EndProject
Project("{9A19103F-16F7-4668-BE54-9A1E7A4F7556}") = "Exe03", "Exer03\Exe03.csproj", "{522E964D-B378-4FED-B882-3662547FA134}"
EndProject
Project("{9A19103F-16F7-4668-BE54-9A1E7A4F7556}") = "Exe04", "Exe04\Exe04.csproj", "{588B89F9-7715-44EF-9F7C-769DFC7D96DB}"
EndProject
Project("{FAE04EC0-301F-11D3-BF4B-00C04F79EFBC}") = "Exe05", "Exe05\Exe05.csproj", "{47AB7555-E661-40E1-B2AD-85FC25DF98E9}"
EndProject
Project("{FAE04EC0-301F-11D3-BF4B-00C04F79EFBC}") = "Exe06", "Exe06\Exe06.csproj", "{56899826-F827-4447-8A4C-643EBF4596A0}"
EndProject
Project("{FAE04EC0-301F-11D3-BF4B-00C04F79EFBC}") = "Exe07", "Exe07\Exe07.csproj", "{C8DCDB78-7EE3-4922-87EA-3988E786C8EC}"
EndProject
Global
	GlobalSection(SolutionConfigurationPlatforms) = preSolution
		Debug|Any CPU = Debug|Any CPU
		Release|Any CPU = Release|Any CPU
	EndGlobalSection
	GlobalSection(ProjectConfigurationPlatforms) = postSolution
		{BFF282AC-0F9E-4BB1-94C5-E30E15ECD471}.Debug|Any CPU.ActiveCfg = Debug|Any CPU
		{BFF282AC-0F9E-4BB1-94C5-E30E15ECD471}.Debug|Any CPU.Build.0 = Debug|Any CPU
		{BFF282AC-0F9E-4BB1-94C5-E30E15ECD471}.Release|Any CPU.ActiveCfg = Release|Any CPU
		{BFF282AC-0F9E-4BB1-94C5-E30E15ECD471}.Release|Any CPU.Build.0 = Release|Any CPU
		{5D6BC77F-4FA3-41B7-9DDE-9646F84091F0}.Debug|Any CPU.ActiveCfg = Debug|Any CPU
		{5D6BC77F-4FA3-41B7-9DDE-9646F84091F0}.Debug|Any CPU.Build.0 = Debug|Any CPU
		{5D6BC77F-4FA3-41B7-9DDE-9646F84091F0}.Release|Any CPU.ActiveCfg = Release|Any CPU
		{5D6BC77F-4FA3-41B7-9DDE-9646F84091F0}.Release|Any CPU.Build.0 = Release|Any CPU
		{522E964D-B378-4FED-B882-3662547FA134}.Debug|Any CPU.ActiveCfg = Debug|Any CPU
		{522E964D-B378-4FED-B882-3662547FA134}.Debug|Any CPU.Build.0 = Debug|Any CPU
		{522E964D-B378-4FED-B882-3662547FA134}.Release|Any CPU.ActiveCfg = Release|Any CPU
		{522E964D-B378-4FED-B882-3662547FA134}.Release|Any CPU.Build.0 = Release|Any CPU
		{588B89F9-7715-44EF-9F7C-769DFC7D96DB}.Debug|Any CPU.ActiveCfg = Debug|Any CPU
		{588B89F9-7715-44EF-9F7C-769DFC7D96DB}.Debug|Any CPU.Build.0 = Debug|Any CPU
		{588B89F9-7715-44EF-9F7C-769DFC7D96DB}.Release|Any CPU.ActiveCfg = Release|Any CPU
		{588B89F9-7715-44EF-9F7C-769DFC7D96DB}.Release|Any CPU.Build.0 = Release|Any CPU
		{47AB7555-E661-40E1-B2AD-85FC25DF98E9}.Debug|Any CPU.ActiveCfg = Debug|Any CPU
		{47AB7555-E661-40E1-B2AD-85FC25DF98E9}.Debug|Any CPU.Build.0 = Debug|Any CPU
		{47AB7555-E661-40E1-B2AD-85FC25DF98E9}.Release|Any CPU.ActiveCfg = Release|Any CPU
		{47AB7555-E661-40E1-B2AD-85FC25DF98E9}.Release|Any CPU.Build.0 = Release|Any CPU
		{56899826-F827-4447-8A4C-643EBF4596A0}.Debug|Any CPU.ActiveCfg = Debug|Any CPU
		{56899826-F827-4447-8A4C-643EBF4596A0}.Debug|Any CPU.Build.0 = Debug|Any CPU
		{56899826-F827-4447-8A4C-643EBF4596A0}.Release|Any CPU.ActiveCfg = Release|Any CPU
		{56899826-F827-4447-8A4C-643EBF4596A0}.Release|Any CPU.Build.0 = Release|Any CPU
		{C8DCDB78-7EE3-4922-87EA-3988E786C8EC}.Debug|Any CPU.ActiveCfg = Debug|Any CPU
		{C8DCDB78-7EE3-4922-87EA-3988E786C8EC}.Debug|Any CPU.Build.0 = Debug|Any CPU
		{C8DCDB78-7EE3-4922-87EA-3988E786C8EC}.Release|Any CPU.ActiveCfg = Release|Any CPU
		{C8DCDB78-7EE3-4922-87EA-3988E786C8EC}.Release|Any CPU.Build.0 = Release|Any CPU
	EndGlobalSection
	GlobalSection(SolutionProperties) = preSolution
		HideSolutionNode = FALSE
	EndGlobalSection
	GlobalSection(ExtensibilityGlobals) = postSolution
		SolutionGuid = {83B598D6-D26E-43B0-85EC-975566B7E6C8}
	EndGlobalSection
EndGlobal
